
Microsoft Visual Studio Solution File, Format Version 12.00
# Visual Studio Version 17
VisualStudioVersion = 17.7.34031.279
MinimumVisualStudioVersion = 10.0.40219.1
Project("{FAE04EC0-301F-11D3-BF4B-00C04F79EFBC}") = "Task05_10_2023", "Task05_10_2023\Task05_10_2023.csproj", "{09DFF7E1-092E-41C4-B0CD-387C6468E833}"
EndProject
Global
	GlobalSection(SolutionConfigurationPlatforms) = preSolution
		Debug|Any CPU = Debug|Any CPU
		Release|Any CPU = Release|Any CPU
	EndGlobalSection
	GlobalSection(ProjectConfigurationPlatforms) = postSolution
		{09DFF7E1-092E-41C4-B0CD-387C6468E833}.Debug|Any CPU.ActiveCfg = Debug|Any CPU
		{09DFF7E1-092E-41C4-B0CD-387C6468E833}.Debug|Any CPU.Build.0 = Debug|Any CPU
		{09DFF7E1-092E-41C4-B0CD-387C6468E833}.Release|Any CPU.ActiveCfg = Release|Any CPU
		{09DFF7E1-092E-41C4-B0CD-387C6468E833}.Release|Any CPU.Build.0 = Release|Any CPU
	EndGlobalSection
	GlobalSection(SolutionProperties) = preSolution
		HideSolutionNode = FALSE
	EndGlobalSection
	GlobalSection(ExtensibilityGlobals) = postSolution
		SolutionGuid = {5D0966D7-A2C5-45F2-AAC4-18A76D110769}
	EndGlobalSection
EndGlobal
